
Microsoft Visual Studio Solution File, Format Version 12.00
# Visual Studio Version 17
VisualStudioVersion = 17.9.34728.123
MinimumVisualStudioVersion = 10.0.40219.1
Project("{FAE04EC0-301F-11D3-BF4B-00C04F79EFBC}") = "SalonKrasoty", "SalonKrasoty\SalonKrasoty.csproj", "{72787F11-A0F1-4E9F-B512-EDF986FCF144}"
EndProject
Global
	GlobalSection(SolutionConfigurationPlatforms) = preSolution
		Debug|Any CPU = Debug|Any CPU
		Release|Any CPU = Release|Any CPU
	EndGlobalSection
	GlobalSection(ProjectConfigurationPlatforms) = postSolution
		{72787F11-A0F1-4E9F-B512-EDF986FCF144}.Debug|Any CPU.ActiveCfg = Debug|Any CPU
		{72787F11-A0F1-4E9F-B512-EDF986FCF144}.Debug|Any CPU.Build.0 = Debug|Any CPU
		{72787F11-A0F1-4E9F-B512-EDF986FCF144}.Release|Any CPU.ActiveCfg = Release|Any CPU
		{72787F11-A0F1-4E9F-B512-EDF986FCF144}.Release|Any CPU.Build.0 = Release|Any CPU
	EndGlobalSection
	GlobalSection(SolutionProperties) = preSolution
		HideSolutionNode = FALSE
	EndGlobalSection
	GlobalSection(ExtensibilityGlobals) = postSolution
		SolutionGuid = {2181607C-5AB2-4D70-AA83-6E0007EFF472}
	EndGlobalSection
EndGlobal
